{
  "name": "server",
  "version": "1.0.0",
  "lockfileVersion": 1,
  "requires": true,
  "dependencies": {
    "adler-32": {
      "version": "1.2.0",
      "resolved": "http://registry.npm.taobao.org/adler-32/download/adler-32-1.2.0.tgz",
      "integrity": "sha1-aj5r8KY5ALoVZSgIyxXGgT0aXyU=",
      "requires": {
        "exit-on-epipe": "1.0.1",
        "printj": "1.1.1"
      }
    },
    "axios": {
      "version": "0.16.2",
      "resolved": "http://registry.npm.taobao.org/axios/download/axios-0.16.2.tgz",
      "integrity": "sha1-uk+S8XFn37q0CYN4VFS5rBScPG0=",
      "requires": {
        "follow-redirects": "1.4.1",
        "is-buffer": "1.1.6"
      }
    },
    "blueimp-md5": {
      "version": "2.10.0",
      "resolved": "http://registry.npm.taobao.org/blueimp-md5/download/blueimp-md5-2.10.0.tgz",
      "integrity": "sha1-AvCEOSH5DcoU9biSCjhZMgHWlk0="
    },
    "cfb": {
      "version": "1.0.1",
      "resolved": "http://registry.npm.taobao.org/cfb/download/cfb-1.0.1.tgz",
      "integrity": "sha1-VXuyT2fa54gDeFoVldNlvILF+rQ=",
      "requires": {
        "commander": "2.13.0",
        "printj": "1.1.1"
      }
    },
    "codepage": {
      "version": "1.3.8",
      "resolved": "http://registry.npm.taobao.org/codepage/download/codepage-1.3.8.tgz",
      "integrity": "sha1-Ty5dfAl13ij4hJgFjcta/KtqX3E=",
      "requires": {
        "commander": "2.13.0",
        "concat-stream": "1.6.0",
        "voc": "1.0.0"
      }
    },
    "colors": {
      "version": "0.6.2",
      "resolved": "http://registry.npm.taobao.org/colors/download/colors-0.6.2.tgz",
      "integrity": "sha1-JCP+ZnisDF2uiFLl0OW+CMmXq8w="
    },
    "commander": {
      "version": "2.13.0",
      "resolved": "http://registry.npm.taobao.org/commander/download/commander-2.13.0.tgz",
      "integrity": "sha1-aWS8pnaF33wfFDDFhPB9dZeIW5w="
    },
    "concat-stream": {
      "version": "1.6.0",
      "resolved": "http://registry.npm.taobao.org/concat-stream/download/concat-stream-1.6.0.tgz",
      "integrity": "sha1-CqxmL9Ur54lk1VMvaUeE5wEQrPc=",
      "requires": {
        "inherits": "2.0.3",
        "readable-stream": "2.3.3",
        "typedarray": "0.0.6"
      }
    },
    "core-util-is": {
      "version": "1.0.2",
      "resolved": "http://registry.npm.taobao.org/core-util-is/download/core-util-is-1.0.2.tgz",
      "integrity": "sha1-tf1UIgqivFq1eqtxQMlAdUUDwac="
    },
    "crc-32": {
      "version": "1.2.0",
      "resolved": "http://registry.npm.taobao.org/crc-32/download/crc-32-1.2.0.tgz",
      "integrity": "sha1-yy224puIUI4y2d0OwWk+e0Ghggg=",
      "requires": {
        "exit-on-epipe": "1.0.1",
        "printj": "1.1.1"
      }
    },
    "debug": {
      "version": "https://registry.npm.taobao.org/debug/download/debug-2.6.1.tgz",
      "integrity": "sha1-eYVQkLosTjEVzH2HaUkdWPBJE1E=",
      "requires": {
        "ms": "https://registry.npm.taobao.org/ms/download/ms-0.7.2.tgz"
      }
    },
    "exit-on-epipe": {
      "version": "1.0.1",
      "resolved": "http://registry.npm.taobao.org/exit-on-epipe/download/exit-on-epipe-1.0.1.tgz",
      "integrity": "sha1-C92S6H1ShdJn2qgXHQ6wYVlolpI="
    },
    "file-saver": {
      "version": "1.3.3",
      "resolved": "http://registry.npm.taobao.org/file-saver/download/file-saver-1.3.3.tgz",
      "integrity": "sha1-zdTETTqiZOrC9o7BZbx5HDSvEjI="
    },
    "follow-redirects": {
      "version": "1.4.1",
      "resolved": "http://registry.npm.taobao.org/follow-redirects/download/follow-redirects-1.4.1.tgz",
      "integrity": "sha1-2BIPRRgZD1Wqxlu2/HuF/NZm1qo=",
      "requires": {
        "debug": "3.1.0"
      },
      "dependencies": {
        "debug": {
          "version": "3.1.0",
          "resolved": "http://registry.npm.taobao.org/debug/download/debug-3.1.0.tgz",
          "integrity": "sha1-W7WgZyYotkFJVmuhaBnmFRjGcmE=",
          "requires": {
            "ms": "2.0.0"
          }
        },
        "ms": {
          "version": "2.0.0",
          "resolved": "http://registry.npm.taobao.org/ms/download/ms-2.0.0.tgz",
          "integrity": "sha1-VgiurfwAvmwpAd9fmGF4jeDVl8g="
        }
      }
    },
    "frac": {
      "version": "0.3.1",
      "resolved": "http://registry.npm.taobao.org/frac/download/frac-0.3.1.tgz",
      "integrity": "sha1-V3Z3t/3L5vr3xGHxgB00E3zaQ1Q="
    },
    "iconv-lite": {
      "version": "https://registry.npm.taobao.org/iconv-lite/download/iconv-lite-0.4.15.tgz",
      "integrity": "sha1-/iZaIYrGpXz+hUkn6dBMGYJe3es="
    },
    "inherits": {
      "version": "2.0.3",
      "resolved": "http://registry.npm.taobao.org/inherits/download/inherits-2.0.3.tgz",
      "integrity": "sha1-Yzwsg+PaQqUC9SRmAiSA9CCCYd4="
    },
    "is-buffer": {
      "version": "1.1.6",
      "resolved": "http://registry.npm.taobao.org/is-buffer/download/is-buffer-1.1.6.tgz",
      "integrity": "sha1-76ouqdqg16suoTqXsritUf776L4="
    },
    "isarray": {
      "version": "1.0.0",
      "resolved": "http://registry.npm.taobao.org/isarray/download/isarray-1.0.0.tgz",
      "integrity": "sha1-u5NdSFgsuhaMBoNJV6VKPgcSTxE="
    },
    "js-xlsx": {
      "version": "0.8.22",
      "resolved": "http://registry.npm.taobao.org/js-xlsx/download/js-xlsx-0.8.22.tgz",
      "integrity": "sha1-61A/VfkyWDbu26qL5J2g+w9t88A=",
      "requires": {
        "adler-32": "1.2.0",
        "cfb": "1.0.1",
        "codepage": "1.3.8",
        "commander": "2.13.0",
        "crc-32": "1.2.0",
        "jszip": "2.4.0",
        "ssf": "0.8.2"
      }
    },
    "jszip": {
      "version": "2.4.0",
      "resolved": "http://registry.npm.taobao.org/jszip/download/jszip-2.4.0.tgz",
      "integrity": "sha1-SHqTt2w7/6bLCFzWHrk06r4tKU8=",
      "requires": {
        "pako": "0.2.9"
      }
    },
    "ms": {
      "version": "https://registry.npm.taobao.org/ms/download/ms-0.7.2.tgz",
      "integrity": "sha1-riXPJRKziFodldfwN4aNhDESR2U="
    },
    "needle": {
      "version": "https://registry.npm.taobao.org/needle/download/needle-1.5.0.tgz",
      "integrity": "sha1-IDkXKlqjboZ0PAFQ1JrCcYVG8lA=",
      "requires": {
        "debug": "https://registry.npm.taobao.org/debug/download/debug-2.6.1.tgz",
        "iconv-lite": "https://registry.npm.taobao.org/iconv-lite/download/iconv-lite-0.4.15.tgz"
      }
    },
    "pako": {
      "version": "0.2.9",
      "resolved": "http://registry.npm.taobao.org/pako/download/pako-0.2.9.tgz",
      "integrity": "sha1-8/dSL073gjSNqBYbrZ7P1Rv4OnU="
    },
    "printj": {
      "version": "1.1.1",
      "resolved": "http://registry.npm.taobao.org/printj/download/printj-1.1.1.tgz",
      "integrity": "sha1-N0k2AhWIjUYKNbaDrhPcwCxiC0c="
    },
    "process-nextick-args": {
      "version": "1.0.7",
      "resolved": "http://registry.npm.taobao.org/process-nextick-args/download/process-nextick-args-1.0.7.tgz",
      "integrity": "sha1-FQ4gt1ZZCtP5EJPyWk8q2L/zC6M="
    },
    "readable-stream": {
      "version": "2.3.3",
      "resolved": "http://registry.npm.taobao.org/readable-stream/download/readable-stream-2.3.3.tgz",
      "integrity": "sha1-No8lEtefnUb9/HE0mueHi7weuVw=",
      "requires": {
        "core-util-is": "1.0.2",
        "inherits": "2.0.3",
        "isarray": "1.0.0",
        "process-nextick-args": "1.0.7",
        "safe-buffer": "5.1.1",
        "string_decoder": "1.0.3",
        "util-deprecate": "1.0.2"
      }
    },
    "safe-buffer": {
      "version": "5.1.1",
      "resolved": "http://registry.npm.taobao.org/safe-buffer/download/safe-buffer-5.1.1.tgz",
      "integrity": "sha1-iTMSr2myEj3vcfV4iQAWce6yyFM="
    },
    "ssf": {
      "version": "0.8.2",
      "resolved": "http://registry.npm.taobao.org/ssf/download/ssf-0.8.2.tgz",
      "integrity": "sha1-udTcahwbz3b4q/qW19dlb7Kr7NY=",
      "requires": {
        "colors": "0.6.2",
        "frac": "0.3.1",
        "voc": "1.0.0"
      }
    },
    "string_decoder": {
      "version": "1.0.3",
      "resolved": "http://registry.npm.taobao.org/string_decoder/download/string_decoder-1.0.3.tgz",
      "integrity": "sha1-D8Z9fBQYJd6UKC3VNr7GubzoYKs=",
      "requires": {
        "safe-buffer": "5.1.1"
      }
    },
    "typedarray": {
      "version": "0.0.6",
      "resolved": "http://registry.npm.taobao.org/typedarray/download/typedarray-0.0.6.tgz",
      "integrity": "sha1-hnrHTjhkGHsdPUfZlqeOxciDB3c="
    },
    "util-deprecate": {
      "version": "1.0.2",
      "resolved": "http://registry.npm.taobao.org/util-deprecate/download/util-deprecate-1.0.2.tgz",
      "integrity": "sha1-RQ1Nyfpw3nMnYvvS1KKJgUGaDM8="
    },
    "voc": {
      "version": "1.0.0",
      "resolved": "http://registry.npm.taobao.org/voc/download/voc-1.0.0.tgz",
      "integrity": "sha1-VGXAzhHQiB99jjbYylhwQ/M6Ja4="
    },
    "xlsx": {
      "version": "0.11.18",
      "resolved": "http://registry.npm.taobao.org/xlsx/download/xlsx-0.11.18.tgz",
      "integrity": "sha1-NjIBB8zuG8lrcCwarCoATtsiw9g=",
      "requires": {
        "adler-32": "1.2.0",
        "cfb": "1.0.2",
        "codepage": "1.12.0",
        "commander": "2.13.0",
        "crc-32": "1.2.0",
        "exit-on-epipe": "1.0.1",
        "ssf": "0.10.1"
      },
      "dependencies": {
        "cfb": {
          "version": "1.0.2",
          "resolved": "http://registry.npm.taobao.org/cfb/download/cfb-1.0.2.tgz",
          "integrity": "sha1-9R2bvltdHnVwBYHWgiLy70bsIUI=",
          "requires": {
            "commander": "2.13.0",
            "printj": "1.1.1"
          }
        },
        "codepage": {
          "version": "1.12.0",
          "resolved": "http://registry.npm.taobao.org/codepage/download/codepage-1.12.0.tgz",
          "integrity": "sha1-nJX1cp+Nd17MfZgZCYp/sjm+7q8=",
          "requires": {
            "commander": "2.11.0",
            "exit-on-epipe": "1.0.1",
            "voc": "1.0.0"
          },
          "dependencies": {
            "commander": {
              "version": "2.11.0",
              "resolved": "http://registry.npm.taobao.org/commander/download/commander-2.11.0.tgz",
              "integrity": "sha1-FXFS/R56bI2YpbcVzzdt+SgARWM="
            }
          }
        },
        "frac": {
          "version": "1.1.1",
          "resolved": "http://registry.npm.taobao.org/frac/download/frac-1.1.1.tgz",
          "integrity": "sha1-X39cKuApFn2QFT7qS33SlY1D0fU=",
          "requires": {
            "voc": "1.0.0"
          }
        },
        "ssf": {
          "version": "0.10.1",
          "resolved": "http://registry.npm.taobao.org/ssf/download/ssf-0.10.1.tgz",
          "integrity": "sha1-8j2CtjeS71YIkInBzQyEjpEc26Y=",
          "requires": {
            "frac": "1.1.1"
          }
        }
      }
    }
  }
}
